
Microsoft Visual Studio Solution File, Format Version 12.00
# Visual Studio Version 16
VisualStudioVersion = 16.0.30114.105
MinimumVisualStudioVersion = 10.0.40219.1
Project("{FAE04EC0-301F-11D3-BF4B-00C04F79EFBC}") = "QmlTestNF", "QmlTestNF\QmlTestNF.csproj", "{6E829DB8-B314-4C9D-AC67-90D1FB67EE85}"
EndProject
Global
	GlobalSection(SolutionConfigurationPlatforms) = preSolution
		Debug|x64 = Debug|x64
		Release|x64 = Release|x64
	EndGlobalSection
	GlobalSection(ProjectConfigurationPlatforms) = postSolution
		{6E829DB8-B314-4C9D-AC67-90D1FB67EE85}.Debug|x64.ActiveCfg = Debug|x64
		{6E829DB8-B314-4C9D-AC67-90D1FB67EE85}.Debug|x64.Build.0 = Debug|x64
		{6E829DB8-B314-4C9D-AC67-90D1FB67EE85}.Release|x64.ActiveCfg = Release|x64
		{6E829DB8-B314-4C9D-AC67-90D1FB67EE85}.Release|x64.Build.0 = Release|x64
	EndGlobalSection
	GlobalSection(SolutionProperties) = preSolution
		HideSolutionNode = FALSE
	EndGlobalSection
	GlobalSection(ExtensibilityGlobals) = postSolution
		SolutionGuid = {B988CF49-AC57-4267-8701-849767402278}
	EndGlobalSection
EndGlobal
